// !$*UTF8*$!
{
	archiveVersion = 1;
	classes = {
	};
	objectVersion = 46;
	objects = {

/* Begin PBXBuildFile section */
		1B92316B14A96B0D00E7688E /* www in Resources */ = {isa = PBXBuildFile; fileRef = 1B92316A14A96B0D00E7688E /* www */; };
		1BF1C6AF14A96672001D2F84 /* Foundation.framework in Frameworks */ = {isa = PBXBuildFile; fileRef = 1BF1C6AE14A96672001D2F84 /* Foundation.framework */; };
		1BF1C6B114A96672001D2F84 /* UIKit.framework in Frameworks */ = {isa = PBXBuildFile; fileRef = 1BF1C6B014A96672001D2F84 /* UIKit.framework */; };
		1BF1C6B314A96672001D2F84 /* CoreGraphics.framework in Frameworks */ = {isa = PBXBuildFile; fileRef = 1BF1C6B214A96672001D2F84 /* CoreGraphics.framework */; };
		1BF1C6B514A96672001D2F84 /* AddressBook.framework in Frameworks */ = {isa = PBXBuildFile; fileRef = 1BF1C6B414A96672001D2F84 /* AddressBook.framework */; };
		1BF1C6B714A96672001D2F84 /* AddressBookUI.framework in Frameworks */ = {isa = PBXBuildFile; fileRef = 1BF1C6B614A96672001D2F84 /* AddressBookUI.framework */; };
		1BF1C6B914A96672001D2F84 /* AudioToolbox.framework in Frameworks */ = {isa = PBXBuildFile; fileRef = 1BF1C6B814A96672001D2F84 /* AudioToolbox.framework */; };
		1BF1C6BB14A96672001D2F84 /* AVFoundation.framework in Frameworks */ = {isa = PBXBuildFile; fileRef = 1BF1C6BA14A96672001D2F84 /* AVFoundation.framework */; };
		1BF1C6BD14A96672001D2F84 /* CoreLocation.framework in Frameworks */ = {isa = PBXBuildFile; fileRef = 1BF1C6BC14A96672001D2F84 /* CoreLocation.framework */; };
		1BF1C6BF14A96672001D2F84 /* MediaPlayer.framework in Frameworks */ = {isa = PBXBuildFile; fileRef = 1BF1C6BE14A96672001D2F84 /* MediaPlayer.framework */; };
		1BF1C6C114A96672001D2F84 /* QuartzCore.framework in Frameworks */ = {isa = PBXBuildFile; fileRef = 1BF1C6C014A96672001D2F84 /* QuartzCore.framework */; };
		1BF1C6C314A96672001D2F84 /* SystemConfiguration.framework in Frameworks */ = {isa = PBXBuildFile; fileRef = 1BF1C6C214A96672001D2F84 /* SystemConfiguration.framework */; };
		1BF1C6C514A96672001D2F84 /* MobileCoreServices.framework in Frameworks */ = {isa = PBXBuildFile; fileRef = 1BF1C6C414A96672001D2F84 /* MobileCoreServices.framework */; };
		1BF1C6C714A96672001D2F84 /* CoreMedia.framework in Frameworks */ = {isa = PBXBuildFile; fileRef = 1BF1C6C614A96672001D2F84 /* CoreMedia.framework */; };
		1BF1C6CD14A96672001D2F84 /* InfoPlist.strings in Resources */ = {isa = PBXBuildFile; fileRef = 1BF1C6CB14A96672001D2F84 /* InfoPlist.strings */; };
		1BF1C6CF14A96672001D2F84 /* main.m in Sources */ = {isa = PBXBuildFile; fileRef = 1BF1C6CE14A96672001D2F84 /* main.m */; };
		1BF1C6D214A96672001D2F84 /* PhoneGap.framework in Frameworks */ = {isa = PBXBuildFile; fileRef = 1BF1C6D114A96672001D2F84 /* PhoneGap.framework */; };
		1BF1C6D714A96673001D2F84 /* Localizable.strings in Resources */ = {isa = PBXBuildFile; fileRef = 1BF1C6D514A96673001D2F84 /* Localizable.strings */; };
		1BF1C6DB14A96673001D2F84 /* Localizable.strings in Resources */ = {isa = PBXBuildFile; fileRef = 1BF1C6D914A96673001D2F84 /* Localizable.strings */; };
		1BF1C6DE14A96673001D2F84 /* icon.png in Resources */ = {isa = PBXBuildFile; fileRef = 1BF1C6DD14A96673001D2F84 /* icon.png */; };
		1BF1C6E014A96673001D2F84 /* icon@2x.png in Resources */ = {isa = PBXBuildFile; fileRef = 1BF1C6DF14A96673001D2F84 /* icon@2x.png */; };
		1BF1C6E214A96673001D2F84 /* icon-72.png in Resources */ = {isa = PBXBuildFile; fileRef = 1BF1C6E114A96673001D2F84 /* icon-72.png */; };
		1BF1C6E514A96673001D2F84 /* Default.png in Resources */ = {isa = PBXBuildFile; fileRef = 1BF1C6E414A96673001D2F84 /* Default.png */; };
		1BF1C6E714A96673001D2F84 /* Default@2x.png in Resources */ = {isa = PBXBuildFile; fileRef = 1BF1C6E614A96673001D2F84 /* Default@2x.png */; };
		1BF1C6E914A96673001D2F84 /* Capture.bundle in Resources */ = {isa = PBXBuildFile; fileRef = 1BF1C6E814A96673001D2F84 /* Capture.bundle */; };
		1BF1C6EB14A96673001D2F84 /* PhoneGap.plist in Resources */ = {isa = PBXBuildFile; fileRef = 1BF1C6EA14A96673001D2F84 /* PhoneGap.plist */; };
		1BF1C6EF14A96673001D2F84 /* AppDelegate.m in Sources */ = {isa = PBXBuildFile; fileRef = 1BF1C6EE14A96673001D2F84 /* AppDelegate.m */; };
		1BF583E714B84CCA00B1ADDB /* Default-Portrait~ipad.png in Resources */ = {isa = PBXBuildFile; fileRef = 1BF583E614B84CCA00B1ADDB /* Default-Portrait~ipad.png */; };
/* End PBXBuildFile section */

/* Begin PBXFileReference section */
		1B92316A14A96B0D00E7688E /* www */ = {isa = PBXFileReference; lastKnownFileType = folder; path = www; sourceTree = "<group>"; };
		1BF1C6AA14A96672001D2F84 /* Big2.app */ = {isa = PBXFileReference; explicitFileType = wrapper.application; includeInIndex = 0; path = Big2.app; sourceTree = BUILT_PRODUCTS_DIR; };
		1BF1C6AE14A96672001D2F84 /* Foundation.framework */ = {isa = PBXFileReference; lastKnownFileType = wrapper.framework; name = Foundation.framework; path = System/Library/Frameworks/Foundation.framework; sourceTree = SDKROOT; };
		1BF1C6B014A96672001D2F84 /* UIKit.framework */ = {isa = PBXFileReference; lastKnownFileType = wrapper.framework; name = UIKit.framework; path = System/Library/Frameworks/UIKit.framework; sourceTree = SDKROOT; };
		1BF1C6B214A96672001D2F84 /* CoreGraphics.framework */ = {isa = PBXFileReference; lastKnownFileType = wrapper.framework; name = CoreGraphics.framework; path = System/Library/Frameworks/CoreGraphics.framework; sourceTree = SDKROOT; };
		1BF1C6B414A96672001D2F84 /* AddressBook.framework */ = {isa = PBXFileReference; lastKnownFileType = wrapper.framework; name = AddressBook.framework; path = System/Library/Frameworks/AddressBook.framework; sourceTree = SDKROOT; };
		1BF1C6B614A96672001D2F84 /* AddressBookUI.framework */ = {isa = PBXFileReference; lastKnownFileType = wrapper.framework; name = AddressBookUI.framework; path = System/Library/Frameworks/AddressBookUI.framework; sourceTree = SDKROOT; };
		1BF1C6B814A96672001D2F84 /* AudioToolbox.framework */ = {isa = PBXFileReference; lastKnownFileType = wrapper.framework; name = AudioToolbox.framework; path = System/Library/Frameworks/AudioToolbox.framework; sourceTree = SDKROOT; };
		1BF1C6BA14A96672001D2F84 /* AVFoundation.framework */ = {isa = PBXFileReference; lastKnownFileType = wrapper.framework; name = AVFoundation.framework; path = System/Library/Frameworks/AVFoundation.framework; sourceTree = SDKROOT; };
		1BF1C6BC14A96672001D2F84 /* CoreLocation.framework */ = {isa = PBXFileReference; lastKnownFileType = wrapper.framework; name = CoreLocation.framework; path = System/Library/Frameworks/CoreLocation.framework; sourceTree = SDKROOT; };
		1BF1C6BE14A96672001D2F84 /* MediaPlayer.framework */ = {isa = PBXFileReference; lastKnownFileType = wrapper.framework; name = MediaPlayer.framework; path = System/Library/Frameworks/MediaPlayer.framework; sourceTree = SDKROOT; };
		1BF1C6C014A96672001D2F84 /* QuartzCore.framework */ = {isa = PBXFileReference; lastKnownFileType = wrapper.framework; name = QuartzCore.framework; path = System/Library/Frameworks/QuartzCore.framework; sourceTree = SDKROOT; };
		1BF1C6C214A96672001D2F84 /* SystemConfiguration.framework */ = {isa = PBXFileReference; lastKnownFileType = wrapper.framework; name = SystemConfiguration.framework; path = System/Library/Frameworks/SystemConfiguration.framework; sourceTree = SDKROOT; };
		1BF1C6C414A96672001D2F84 /* MobileCoreServices.framework */ = {isa = PBXFileReference; lastKnownFileType = wrapper.framework; name = MobileCoreServices.framework; path = System/Library/Frameworks/MobileCoreServices.framework; sourceTree = SDKROOT; };
		1BF1C6C614A96672001D2F84 /* CoreMedia.framework */ = {isa = PBXFileReference; lastKnownFileType = wrapper.framework; name = CoreMedia.framework; path = System/Library/Frameworks/CoreMedia.framework; sourceTree = SDKROOT; };
		1BF1C6CA14A96672001D2F84 /* Big2-Info.plist */ = {isa = PBXFileReference; lastKnownFileType = text.plist.xml; path = "Big2-Info.plist"; sourceTree = "<group>"; };
		1BF1C6CC14A96672001D2F84 /* en */ = {isa = PBXFileReference; lastKnownFileType = text.plist.strings; name = en; path = en.lproj/InfoPlist.strings; sourceTree = "<group>"; };
		1BF1C6CE14A96672001D2F84 /* main.m */ = {isa = PBXFileReference; lastKnownFileType = sourcecode.c.objc; path = main.m; sourceTree = "<group>"; };
		1BF1C6D014A96672001D2F84 /* Big2-Prefix.pch */ = {isa = PBXFileReference; lastKnownFileType = sourcecode.c.h; path = "Big2-Prefix.pch"; sourceTree = "<group>"; };
		1BF1C6D114A96672001D2F84 /* PhoneGap.framework */ = {isa = PBXFileReference; lastKnownFileType = wrapper.framework; name = PhoneGap.framework; path = /Users/Shared/PhoneGap/Frameworks/PhoneGap.framework; sourceTree = "<absolute>"; };
		1BF1C6D614A96673001D2F84 /* en */ = {isa = PBXFileReference; lastKnownFileType = text.plist.strings; name = en; path = Resources/en.lproj/Localizable.strings; sourceTree = "<group>"; };
		1BF1C6DA14A96673001D2F84 /* es */ = {isa = PBXFileReference; lastKnownFileType = text.plist.strings; name = es; path = Resources/es.lproj/Localizable.strings; sourceTree = "<group>"; };
		1BF1C6DD14A96673001D2F84 /* icon.png */ = {isa = PBXFileReference; lastKnownFileType = image.png; name = icon.png; path = Resources/icons/icon.png; sourceTree = "<group>"; };
		1BF1C6DF14A96673001D2F84 /* icon@2x.png */ = {isa = PBXFileReference; lastKnownFileType = image.png; name = "icon@2x.png"; path = "Resources/icons/icon@2x.png"; sourceTree = "<group>"; };
		1BF1C6E114A96673001D2F84 /* icon-72.png */ = {isa = PBXFileReference; lastKnownFileType = image.png; name = "icon-72.png"; path = "Resources/icons/icon-72.png"; sourceTree = "<group>"; };
		1BF1C6E414A96673001D2F84 /* Default.png */ = {isa = PBXFileReference; lastKnownFileType = image.png; name = Default.png; path = Resources/splash/Default.png; sourceTree = "<group>"; };
		1BF1C6E614A96673001D2F84 /* Default@2x.png */ = {isa = PBXFileReference; lastKnownFileType = image.png; name = "Default@2x.png"; path = "Resources/splash/Default@2x.png"; sourceTree = "<group>"; };
		1BF1C6E814A96673001D2F84 /* Capture.bundle */ = {isa = PBXFileReference; lastKnownFileType = "wrapper.plug-in"; name = Capture.bundle; path = Resources/Capture.bundle; sourceTree = "<group>"; };
		1BF1C6EA14A96673001D2F84 /* PhoneGap.plist */ = {isa = PBXFileReference; lastKnownFileType = text.plist.xml; path = PhoneGap.plist; sourceTree = "<group>"; };
		1BF1C6ED14A96673001D2F84 /* AppDelegate.h */ = {isa = PBXFileReference; lastKnownFileType = sourcecode.c.h; name = AppDelegate.h; path = Classes/AppDelegate.h; sourceTree = "<group>"; };
		1BF1C6EE14A96673001D2F84 /* AppDelegate.m */ = {isa = PBXFileReference; lastKnownFileType = sourcecode.c.objc; name = AppDelegate.m; path = Classes/AppDelegate.m; sourceTree = "<group>"; };
		1BF1C6F114A96673001D2F84 /* README */ = {isa = PBXFileReference; lastKnownFileType = text; name = README; path = Plugins/README; sourceTree = "<group>"; };
		1BF583E614B84CCA00B1ADDB /* Default-Portrait~ipad.png */ = {isa = PBXFileReference; lastKnownFileType = image.png; path = "Default-Portrait~ipad.png"; sourceTree = "<group>"; };
/* End PBXFileReference section */

/* Begin PBXFrameworksBuildPhase section */
		1BF1C6A414A96672001D2F84 /* Frameworks */ = {
			isa = PBXFrameworksBuildPhase;
			buildActionMask = 2147483647;
			files = (
				1BF1C6AF14A96672001D2F84 /* Foundation.framework in Frameworks */,
				1BF1C6B114A96672001D2F84 /* UIKit.framework in Frameworks */,
				1BF1C6B314A96672001D2F84 /* CoreGraphics.framework in Frameworks */,
				1BF1C6B514A96672001D2F84 /* AddressBook.framework in Frameworks */,
				1BF1C6B714A96672001D2F84 /* AddressBookUI.framework in Frameworks */,
				1BF1C6B914A96672001D2F84 /* AudioToolbox.framework in Frameworks */,
				1BF1C6BB14A96672001D2F84 /* AVFoundation.framework in Frameworks */,
				1BF1C6BD14A96672001D2F84 /* CoreLocation.framework in Frameworks */,
				1BF1C6BF14A96672001D2F84 /* MediaPlayer.framework in Frameworks */,
				1BF1C6C114A96672001D2F84 /* QuartzCore.framework in Frameworks */,
				1BF1C6C314A96672001D2F84 /* SystemConfiguration.framework in Frameworks */,
				1BF1C6C514A96672001D2F84 /* MobileCoreServices.framework in Frameworks */,
				1BF1C6C714A96672001D2F84 /* CoreMedia.framework in Frameworks */,
				1BF1C6D214A96672001D2F84 /* PhoneGap.framework in Frameworks */,
			);
			runOnlyForDeploymentPostprocessing = 0;
		};
		1BF1C6A714A96672001D2F84 /* Frameworks */ = {
			isa = PBXFrameworksBuildPhase;
			buildActionMask = 2147483647;
			files = (
			);
			runOnlyForDeploymentPostprocessing = 0;
		};
/* End PBXFrameworksBuildPhase section */

/* Begin PBXGroup section */
		1BF1C69C14A96672001D2F84 = {
			isa = PBXGroup;
			children = (
				1BF583E614B84CCA00B1ADDB /* Default-Portrait~ipad.png */,
				1B92316A14A96B0D00E7688E /* www */,
				1BF1C6C814A96672001D2F84 /* Big2 */,
				1BF1C6AD14A96672001D2F84 /* Frameworks */,
				1BF1C6AB14A96672001D2F84 /* Products */,
			);
			sourceTree = "<group>";
		};
		1BF1C6AB14A96672001D2F84 /* Products */ = {
			isa = PBXGroup;
			children = (
				1BF1C6AA14A96672001D2F84 /* Big2.app */,
			);
			name = Products;
			sourceTree = "<group>";
		};
		1BF1C6AD14A96672001D2F84 /* Frameworks */ = {
			isa = PBXGroup;
			children = (
				1BF1C6AE14A96672001D2F84 /* Foundation.framework */,
				1BF1C6B014A96672001D2F84 /* UIKit.framework */,
				1BF1C6B214A96672001D2F84 /* CoreGraphics.framework */,
				1BF1C6B414A96672001D2F84 /* AddressBook.framework */,
				1BF1C6B614A96672001D2F84 /* AddressBookUI.framework */,
				1BF1C6B814A96672001D2F84 /* AudioToolbox.framework */,
				1BF1C6BA14A96672001D2F84 /* AVFoundation.framework */,
				1BF1C6BC14A96672001D2F84 /* CoreLocation.framework */,
				1BF1C6BE14A96672001D2F84 /* MediaPlayer.framework */,
				1BF1C6C014A96672001D2F84 /* QuartzCore.framework */,
				1BF1C6C214A96672001D2F84 /* SystemConfiguration.framework */,
				1BF1C6C414A96672001D2F84 /* MobileCoreServices.framework */,
				1BF1C6C614A96672001D2F84 /* CoreMedia.framework */,
			);
			name = Frameworks;
			sourceTree = "<group>";
		};
		1BF1C6C814A96672001D2F84 /* Big2 */ = {
			isa = PBXGroup;
			children = (
				1BF1C6D114A96672001D2F84 /* PhoneGap.framework */,
				1BF1C6D314A96673001D2F84 /* Resources */,
				1BF1C6EC14A96673001D2F84 /* Classes */,
				1BF1C6F014A96673001D2F84 /* Plugins */,
				1BF1C6C914A96672001D2F84 /* Supporting Files */,
			);
			path = Big2;
			sourceTree = "<group>";
		};
		1BF1C6C914A96672001D2F84 /* Supporting Files */ = {
			isa = PBXGroup;
			children = (
				1BF1C6CA14A96672001D2F84 /* Big2-Info.plist */,
				1BF1C6CB14A96672001D2F84 /* InfoPlist.strings */,
				1BF1C6CE14A96672001D2F84 /* main.m */,
				1BF1C6D014A96672001D2F84 /* Big2-Prefix.pch */,
				1BF1C6EA14A96673001D2F84 /* PhoneGap.plist */,
			);
			name = "Supporting Files";
			sourceTree = "<group>";
		};
		1BF1C6D314A96673001D2F84 /* Resources */ = {
			isa = PBXGroup;
			children = (
				1BF1C6E814A96673001D2F84 /* Capture.bundle */,
				1BF1C6D414A96673001D2F84 /* en.lproj */,
				1BF1C6D814A96673001D2F84 /* es.lproj */,
				1BF1C6DC14A96673001D2F84 /* icons */,
				1BF1C6E314A96673001D2F84 /* splash */,
			);
			name = Resources;
			sourceTree = "<group>";
		};
		1BF1C6D414A96673001D2F84 /* en.lproj */ = {
			isa = PBXGroup;
			children = (
				1BF1C6D514A96673001D2F84 /* Localizable.strings */,
			);
			name = en.lproj;
			sourceTree = "<group>";
		};
		1BF1C6D814A96673001D2F84 /* es.lproj */ = {
			isa = PBXGroup;
			children = (
				1BF1C6D914A96673001D2F84 /* Localizable.strings */,
			);
			name = es.lproj;
			sourceTree = "<group>";
		};
		1BF1C6DC14A96673001D2F84 /* icons */ = {
			isa = PBXGroup;
			children = (
				1BF1C6DD14A96673001D2F84 /* icon.png */,
				1BF1C6DF14A96673001D2F84 /* icon@2x.png */,
				1BF1C6E114A96673001D2F84 /* icon-72.png */,
			);
			name = icons;
			sourceTree = "<group>";
		};
		1BF1C6E314A96673001D2F84 /* splash */ = {
			isa = PBXGroup;
			children = (
				1BF1C6E414A96673001D2F84 /* Default.png */,
				1BF1C6E614A96673001D2F84 /* Default@2x.png */,
			);
			name = splash;
			sourceTree = "<group>";
		};
		1BF1C6EC14A96673001D2F84 /* Classes */ = {
			isa = PBXGroup;
			children = (
				1BF1C6ED14A96673001D2F84 /* AppDelegate.h */,
				1BF1C6EE14A96673001D2F84 /* AppDelegate.m */,
			);
			name = Classes;
			sourceTree = "<group>";
		};
		1BF1C6F014A96673001D2F84 /* Plugins */ = {
			isa = PBXGroup;
			children = (
				1BF1C6F114A96673001D2F84 /* README */,
			);
			name = Plugins;
			sourceTree = "<group>";
		};
/* End PBXGroup section */

/* Begin PBXNativeTarget section */
		1BF1C6A914A96672001D2F84 /* Big2 */ = {
			isa = PBXNativeTarget;
			buildConfigurationList = 1BF1C6F414A96673001D2F84 /* Build configuration list for PBXNativeTarget "Big2" */;
			buildPhases = (
				1BF1C6A314A96672001D2F84 /* Sources */,
				1BF1C6A414A96672001D2F84 /* Frameworks */,
				1BF1C6A514A96672001D2F84 /* Resources */,
				1BF1C6A614A96672001D2F84 /* Sources */,
				1BF1C6A714A96672001D2F84 /* Frameworks */,
				1BF1C6A814A96672001D2F84 /* ShellScript */,
			);
			buildRules = (
			);
			dependencies = (
			);
			name = Big2;
			productName = Big2;
			productReference = 1BF1C6AA14A96672001D2F84 /* Big2.app */;
			productType = "com.apple.product-type.application";
		};
/* End PBXNativeTarget section */

/* Begin PBXProject section */
		1BF1C69E14A96672001D2F84 /* Project object */ = {
			isa = PBXProject;
			attributes = {
				LastUpgradeCheck = 0420;
			};
			buildConfigurationList = 1BF1C6A114A96672001D2F84 /* Build configuration list for PBXProject "Big2" */;
			compatibilityVersion = "Xcode 3.2";
			developmentRegion = English;
			hasScannedForEncodings = 0;
			knownRegions = (
				en,
				es,
			);
			mainGroup = 1BF1C69C14A96672001D2F84;
			productRefGroup = 1BF1C6AB14A96672001D2F84 /* Products */;
			projectDirPath = "";
			projectRoot = "";
			targets = (
				1BF1C6A914A96672001D2F84 /* Big2 */,
			);
		};
/* End PBXProject section */

/* Begin PBXResourcesBuildPhase section */
		1BF1C6A514A96672001D2F84 /* Resources */ = {
			isa = PBXResourcesBuildPhase;
			buildActionMask = 2147483647;
			files = (
				1BF1C6CD14A96672001D2F84 /* InfoPlist.strings in Resources */,
				1BF1C6D714A96673001D2F84 /* Localizable.strings in Resources */,
				1BF1C6DB14A96673001D2F84 /* Localizable.strings in Resources */,
				1BF1C6DE14A96673001D2F84 /* icon.png in Resources */,
				1BF1C6E014A96673001D2F84 /* icon@2x.png in Resources */,
				1BF1C6E214A96673001D2F84 /* icon-72.png in Resources */,
				1BF1C6E514A96673001D2F84 /* Default.png in Resources */,
				1BF1C6E714A96673001D2F84 /* Default@2x.png in Resources */,
				1BF1C6E914A96673001D2F84 /* Capture.bundle in Resources */,
				1BF1C6EB14A96673001D2F84 /* PhoneGap.plist in Resources */,
				1B92316B14A96B0D00E7688E /* www in Resources */,
				1BF583E714B84CCA00B1ADDB /* Default-Portrait~ipad.png in Resources */,
			);
			runOnlyForDeploymentPostprocessing = 0;
		};
/* End PBXResourcesBuildPhase section */

/* Begin PBXShellScriptBuildPhase section */
		1BF1C6A814A96672001D2F84 /* ShellScript */ = {
			isa = PBXShellScriptBuildPhase;
			buildActionMask = 2147483647;
			files = (
			);
			inputPaths = (
			);
			outputPaths = (
			);
			runOnlyForDeploymentPostprocessing = 0;
			shellPath = /bin/bash;
			shellScript = "\n\t\t\t\t\t\t\t\tif [ ! -d \"$PROJECT_DIR/www\" ] ; then\n\t\t\t\t\t\t\t\t\tcp -R /Users/Shared/PhoneGap/Frameworks/PhoneGap.framework/www \"$PROJECT_DIR\"\n\t\t\t\t\t\t\t\tfi\n\t\t\t\t\t\t\t\t# detect www folder reference in project, if missing, print warning\n\t\t\t\t\t\t\t\tgrep \"{isa = PBXFileReference; lastKnownFileType = folder; path = www; sourceTree = \\\"<group>\\\"; };\" \"$PROJECT_DIR/$PROJECT_NAME.xcodeproj/project.pbxproj\"\n\t\t\t\t\t\t\t\trc=$? \n\t\t\t\t\t\t\t\tif [ $rc != 0 ] ; then\n\t\t\t\t\t\t\t\techo -e \"warning: Missing - Add $PROJECT_DIR/www as a folder reference in your project. Just drag and drop the folder into your project, into the Project Navigator of Xcode 4. Make sure you select the second radio-button: 'Create folder references for any added folders' (which will create a blue folder)\" 1>&2\n\t\t\t\t\t\t\t\tfi\t\t\t\t\t\t\t";
		};
/* End PBXShellScriptBuildPhase section */

/* Begin PBXSourcesBuildPhase section */
		1BF1C6A314A96672001D2F84 /* Sources */ = {
			isa = PBXSourcesBuildPhase;
			buildActionMask = 2147483647;
			files = (
				1BF1C6CF14A96672001D2F84 /* main.m in Sources */,
				1BF1C6EF14A96673001D2F84 /* AppDelegate.m in Sources */,
			);
			runOnlyForDeploymentPostprocessing = 0;
		};
		1BF1C6A614A96672001D2F84 /* Sources */ = {
			isa = PBXSourcesBuildPhase;
			buildActionMask = 2147483647;
			files = (
			);
			runOnlyForDeploymentPostprocessing = 0;
		};
/* End PBXSourcesBuildPhase section */

/* Begin PBXVariantGroup section */
		1BF1C6CB14A96672001D2F84 /* InfoPlist.strings */ = {
			isa = PBXVariantGroup;
			children = (
				1BF1C6CC14A96672001D2F84 /* en */,
			);
			name = InfoPlist.strings;
			sourceTree = "<group>";
		};
		1BF1C6D514A96673001D2F84 /* Localizable.strings */ = {
			isa = PBXVariantGroup;
			children = (
				1BF1C6D614A96673001D2F84 /* en */,
			);
			name = Localizable.strings;
			sourceTree = "<group>";
		};
		1BF1C6D914A96673001D2F84 /* Localizable.strings */ = {
			isa = PBXVariantGroup;
			children = (
				1BF1C6DA14A96673001D2F84 /* es */,
			);
			name = Localizable.strings;
			sourceTree = "<group>";
		};
/* End PBXVariantGroup section */

/* Begin XCBuildConfiguration section */
		1BF1C6F214A96673001D2F84 /* Debug */ = {
			isa = XCBuildConfiguration;
			buildSettings = {
				ALWAYS_SEARCH_USER_PATHS = NO;
				ARCHS = (
					armv6,
					armv7,
				);
				CODE_SIGN_IDENTITY = "iPhone Distribution: Weiran Ye";
				"CODE_SIGN_IDENTITY[sdk=iphoneos*]" = "iPhone Distribution: Weiran Ye";
				COPY_PHASE_STRIP = NO;
				GCC_C_LANGUAGE_STANDARD = gnu99;
				GCC_DYNAMIC_NO_PIC = NO;
				GCC_OPTIMIZATION_LEVEL = 0;
				GCC_PREPROCESSOR_DEFINITIONS = (
					"DEBUG=1",
					"$(inherited)",
				);
				GCC_SYMBOLS_PRIVATE_EXTERN = NO;
				GCC_VERSION = com.apple.compilers.llvmgcc42;
				GCC_WARN_ABOUT_MISSING_PROTOTYPES = YES;
				GCC_WARN_ABOUT_RETURN_TYPE = YES;
				GCC_WARN_UNUSED_VARIABLE = YES;
				IPHONEOS_DEPLOYMENT_TARGET = 3.0;
				PROVISIONING_PROFILE = "21B30299-54DD-41C6-8C06-3C93B7B68416";
				"PROVISIONING_PROFILE[sdk=iphoneos*]" = "21B30299-54DD-41C6-8C06-3C93B7B68416";
				SDKROOT = iphoneos;
			};
			name = Debug;
		};
		1BF1C6F314A96673001D2F84 /* Release */ = {
			isa = XCBuildConfiguration;
			buildSettings = {
				ALWAYS_SEARCH_USER_PATHS = NO;
				ARCHS = (
					armv6,
					armv7,
				);
				CODE_SIGN_IDENTITY = "iPhone Distribution: Weiran Ye";
				"CODE_SIGN_IDENTITY[sdk=iphoneos*]" = "iPhone Distribution: Weiran Ye";
				COPY_PHASE_STRIP = YES;
				GCC_C_LANGUAGE_STANDARD = gnu99;
				GCC_VERSION = com.apple.compilers.llvmgcc42;
				GCC_WARN_ABOUT_MISSING_PROTOTYPES = YES;
				GCC_WARN_ABOUT_RETURN_TYPE = YES;
				GCC_WARN_UNUSED_VARIABLE = YES;
				IPHONEOS_DEPLOYMENT_TARGET = 3.0;
				PROVISIONING_PROFILE = "21B30299-54DD-41C6-8C06-3C93B7B68416";
				"PROVISIONING_PROFILE[sdk=iphoneos*]" = "21B30299-54DD-41C6-8C06-3C93B7B68416";
				SDKROOT = iphoneos;
				VALIDATE_PRODUCT = YES;
			};
			name = Release;
		};
		1BF1C6F514A96673001D2F84 /* Debug */ = {
			isa = XCBuildConfiguration;
			buildSettings = {
				ALWAYS_SEARCH_USER_PATHS = YES;
				COPY_PHASE_STRIP = NO;
				FRAMEWORK_SEARCH_PATHS = /Users/Shared/PhoneGap/Frameworks;
				GCC_DYNAMIC_NO_PIC = NO;
				GCC_PRECOMPILE_PREFIX_HEADER = YES;
				GCC_PREFIX_HEADER = "Big2/Big2-Prefix.pch";
				GCC_PREPROCESSOR_DEFINITIONS = "PHONEGAP_FRAMEWORK=YES";
				INFOPLIST_FILE = "Big2/Big2-Info.plist";
				OTHER_LDFLAGS = (
					"-weak_framework",
					UIKit,
					"-weak_framework",
					AVFoundation,
					"-weak_framework",
					CoreMedia,
					"-weak_library",
					/usr/lib/libSystem.B.dylib,
				);
				PRODUCT_NAME = "$(TARGET_NAME)";
				TARGETED_DEVICE_FAMILY = "1,2";
				WRAPPER_EXTENSION = app;
			};
			name = Debug;
		};
		1BF1C6F614A96673001D2F84 /* Release */ = {
			isa = XCBuildConfiguration;
			buildSettings = {
				ALWAYS_SEARCH_USER_PATHS = YES;
				COPY_PHASE_STRIP = YES;
				DEBUG_INFORMATION_FORMAT = "dwarf-with-dsym";
				FRAMEWORK_SEARCH_PATHS = /Users/Shared/PhoneGap/Frameworks;
				GCC_PRECOMPILE_PREFIX_HEADER = YES;
				GCC_PREFIX_HEADER = "Big2/Big2-Prefix.pch";
				GCC_PREPROCESSOR_DEFINITIONS = "PHONEGAP_FRAMEWORK=YES";
				INFOPLIST_FILE = "Big2/Big2-Info.plist";
				OTHER_LDFLAGS = (
					"-weak_framework",
					UIKit,
					"-weak_framework",
					AVFoundation,
					"-weak_framework",
					CoreMedia,
					"-weak_library",
					/usr/lib/libSystem.B.dylib,
				);
				PRODUCT_NAME = "$(TARGET_NAME)";
				TARGETED_DEVICE_FAMILY = "1,2";
				VALIDATE_PRODUCT = YES;
				WRAPPER_EXTENSION = app;
			};
			name = Release;
		};
/* End XCBuildConfiguration section */

/* Begin XCConfigurationList section */
		1BF1C6A114A96672001D2F84 /* Build configuration list for PBXProject "Big2" */ = {
			isa = XCConfigurationList;
			buildConfigurations = (
				1BF1C6F214A96673001D2F84 /* Debug */,
				1BF1C6F314A96673001D2F84 /* Release */,
			);
			defaultConfigurationIsVisible = 0;
			defaultConfigurationName = Release;
		};
		1BF1C6F414A96673001D2F84 /* Build configuration list for PBXNativeTarget "Big2" */ = {
			isa = XCConfigurationList;
			buildConfigurations = (
				1BF1C6F514A96673001D2F84 /* Debug */,
				1BF1C6F614A96673001D2F84 /* Release */,
			);
			defaultConfigurationIsVisible = 0;
			defaultConfigurationName = Release;
		};
/* End XCConfigurationList section */
	};
	rootObject = 1BF1C69E14A96672001D2F84 /* Project object */;
}
